
Microsoft Visual Studio Solution File, Format Version 12.00
# Visual Studio Version 17
VisualStudioVersion = 17.4.33122.133
MinimumVisualStudioVersion = 10.0.40219.1
Project("{9A19103F-16F7-4668-BE54-9A1E7A4F7556}") = "ModuloTestesDio", "Calculadora.csproj", "{6FAD15E3-4E23-447C-830F-C555A389A754}"
EndProject
Global
	GlobalSection(SolutionConfigurationPlatforms) = preSolution
		Debug|Any CPU = Debug|Any CPU
		Release|Any CPU = Release|Any CPU
	EndGlobalSection
	GlobalSection(ProjectConfigurationPlatforms) = postSolution
		{6FAD15E3-4E23-447C-830F-C555A389A754}.Debug|Any CPU.ActiveCfg = Debug|Any CPU
		{6FAD15E3-4E23-447C-830F-C555A389A754}.Debug|Any CPU.Build.0 = Debug|Any CPU
		{6FAD15E3-4E23-447C-830F-C555A389A754}.Release|Any CPU.ActiveCfg = Release|Any CPU
		{6FAD15E3-4E23-447C-830F-C555A389A754}.Release|Any CPU.Build.0 = Release|Any CPU
	EndGlobalSection
	GlobalSection(SolutionProperties) = preSolution
		HideSolutionNode = FALSE
	EndGlobalSection
	GlobalSection(ExtensibilityGlobals) = postSolution
		SolutionGuid = {C641282D-742F-410F-A823-8D1C356F6FAB}
	EndGlobalSection
EndGlobal
